lockfileVersion: '6.0'

settings:
  autoInstallPeers: true
  excludeLinksFromLockfile: false

devDependencies:
  prettier:
    specifier: ^3.1.1
    version: 3.1.1
  type-testing:
    specifier: ^0.2.0
    version: 0.2.0
  typescript:
    specifier: ^5.3.3
    version: 5.3.3

packages:

  /prettier@3.1.1:
    resolution: {integrity: sha512-22UbSzg8luF4UuZtzgiUOfcGM8s4tjBv6dJRT7j275NXsy2jb4aJa4NNveul5x4eqlF1wuhuR2RElK71RvmVaw==}
    engines: {node: '>=14'}
    hasBin: true
    dev: true

  /type-testing@0.2.0:
    resolution: {integrity: sha512-HAf4o9LjUAh9xEIXZTNm+ak2tjTgK64QhTlT/D8UNedII2/eagdEbtbaVK6920K7+QBrwfvxpjPGlfWVKZ+MZQ==}
    engines: {node: '>= 20.x'}
    dev: true

  /typescript@5.3.3:
    resolution: {integrity: sha512-pXWcraxM0uxAS+tN0AG/BF2TyqmHO014Z070UsJ+pFvYuRSq8KH8DmWpnbXe0pEPDHXZV3FcAbJkijJ5oNEnWw==}
    engines: {node: '>=14.17'}
    hasBin: true
    dev: true
